
Microsoft Visual Studio Solution File, Format Version 12.00
# Visual Studio 15
VisualStudioVersion = 15.0.28307.421
MinimumVisualStudioVersion = 10.0.40219.1
Project("{9A19103F-16F7-4668-BE54-9A1E7A4F7556}") = "Pie", "Pie\Pie.csproj", "{8C33FAB8-208F-4479-8838-98D69633D5E3}"
EndProject
Global
	GlobalSection(SolutionConfigurationPlatforms) = preSolution
		Debug|Any CPU = Debug|Any CPU
		Release|Any CPU = Release|Any CPU
	EndGlobalSection
	GlobalSection(ProjectConfigurationPlatforms) = postSolution
		{8C33FAB8-208F-4479-8838-98D69633D5E3}.Debug|Any CPU.ActiveCfg = Debug|Any CPU
		{8C33FAB8-208F-4479-8838-98D69633D5E3}.Debug|Any CPU.Build.0 = Debug|Any CPU
		{8C33FAB8-208F-4479-8838-98D69633D5E3}.Release|Any CPU.ActiveCfg = Release|Any CPU
		{8C33FAB8-208F-4479-8838-98D69633D5E3}.Release|Any CPU.Build.0 = Release|Any CPU
	EndGlobalSection
	GlobalSection(SolutionProperties) = preSolution
		HideSolutionNode = FALSE
	EndGlobalSection
	GlobalSection(ExtensibilityGlobals) = postSolution
		SolutionGuid = {4BC92837-CC6F-4119-9C6B-17044F6BB809}
	EndGlobalSection
EndGlobal
